{
  "name": "@dsh-docker/platform-management",
  "version": "1.0.0",
  "lockfileVersion": 3,
  "requires": true,
  "packages": {
    "": {
      "name": "@dsh-docker/platform-management",
      "version": "1.0.0",
      "dependencies": {
        "undici": "8.10.0"
      },
      "peerDependencies": {
        "@deepseek-ai/cordis": "*",
        "@deepseek-ai/dsh-client-connection": "*",
        "@deepseek-ai/dsh-client-locale": "*",
        "@deepseek-ai/dsh-client-ui-primitives": "*",
        "@deepseek-ai/dsh-client-ui-settings": "*",
        "react": "^18.2.0"
      }
    },
    "node_modules/undici": {
      "version": "8.10.0",
      "resolved": "https://registry.npmjs.org/undici/-/undici-8.10.0.tgz",
      "integrity": "sha512-HvltHd7avK13QIw/oLe4qoOLyoVSoafqJ2jYOrtMRBkbYT31eiBQ8O0ehRKZiEZCMEyLFQNIADpgCWC5fALvYQ==",
      "license": "MIT",
      "engines": {
        "node": ">=22.19.0"
      }
    }
  }
}
